
Microsoft Visual Studio Solution File, Format Version 12.00
# Visual Studio Version 16
VisualStudioVersion = 16.0.30002.166
MinimumVisualStudioVersion = 10.0.40219.1
Project("{FAE04EC0-301F-11D3-BF4B-00C04F79EFBC}") = "NKHook5-Injector", "NKHook5-Injector\NKHook5-Injector.csproj", "{26A25875-BCE3-4AE9-9975-EDBEC610CCA4}"
EndProject
Global
	GlobalSection(SolutionConfigurationPlatforms) = preSolution
		Debug|Any CPU = Debug|Any CPU
		Release|Any CPU = Release|Any CPU
	EndGlobalSection
	GlobalSection(ProjectConfigurationPlatforms) = postSolution
		{26A25875-BCE3-4AE9-9975-EDBEC610CCA4}.Debug|Any CPU.ActiveCfg = Debug|Any CPU
		{26A25875-BCE3-4AE9-9975-EDBEC610CCA4}.Debug|Any CPU.Build.0 = Debug|Any CPU
		{26A25875-BCE3-4AE9-9975-EDBEC610CCA4}.Release|Any CPU.ActiveCfg = Release|Any CPU
		{26A25875-BCE3-4AE9-9975-EDBEC610CCA4}.Release|Any CPU.Build.0 = Release|Any CPU
	EndGlobalSection
	GlobalSection(SolutionProperties) = preSolution
		HideSolutionNode = FALSE
	EndGlobalSection
	GlobalSection(ExtensibilityGlobals) = postSolution
		SolutionGuid = {FFC4EF09-C34A-4D9B-83D7-18CD083D96D6}
	EndGlobalSection
EndGlobal
