<?xml version="1.0" encoding="utf-8"?>
<Project ToolsVersion="4.0" xmlns="http://schemas.microsoft.com/developer/msbuild/2003">
  <ItemGroup>
    <Filter Include="File di origine">
      <UniqueIdentifier>{4FC737F1-C7A5-4376-A066-2A32D752A2FF}</UniqueIdentifier>
      <Extensions>cpp;c;cc;cxx;c++;def;odl;idl;hpj;bat;asm;asmx</Extensions>
    </Filter>
    <Filter Include="File di intestazione">
      <UniqueIdentifier>{93995380-89BD-4b04-88EB-625FBE52EBFB}</UniqueIdentifier>
      <Extensions>h;hh;hpp;hxx;h++;hm;inl;inc;ipp;xsd</Extensions>
    </Filter>
    <Filter Include="File di risorse">
      <UniqueIdentifier>{67DA6AB6-F800-4c08-8B7A-83BB121AAD01}</UniqueIdentifier>
      <Extensions>rc;ico;cur;bmp;dlg;rc2;rct;bin;rgs;gif;jpg;jpeg;jpe;resx;tiff;tif;png;wav;mfcribbon-ms</Extensions>
    </Filter>
  </ItemGroup>
  <ItemGroup>
    <ClInclude Include="framework.h">
      <Filter>File di intestazione</Filter>
    </ClInclude>
    <ClInclude Include="pch.h">
      <Filter>File di intestazione</Filter>
    </ClInclude>
    <ClInclude Include="NKH\Hooks.h">
      <Filter>File di intestazione</Filter>
    </ClInclude>
    <ClInclude Include="NKH\pch.h">
      <Filter>File di intestazione</Filter>
    </ClInclude>
    <ClInclude Include="Utils.h">
      <Filter>File di intestazione</Filter>
    </ClInclude>
    <ClInclude Include="NKH\Patches\FlagHacker.h">
      <Filter>File di intestazione</Filter>
    </ClInclude>
    <ClInclude Include="NKH\Patches\pch.h">
      <Filter>File di intestazione</Filter>
    </ClInclude>
    <ClInclude Include="NKH\Blue\pch.h">
      <Filter>File di intestazione</Filter>
    </ClInclude>
    <ClInclude Include="NKH\Blue\Chai.h">
      <Filter>File di intestazione</Filter>
    </ClInclude>
    <ClInclude Include="NKH\SDK\CBloonsTD5Game.h">
      <Filter>File di intestazione</Filter>
    </ClInclude>
    <ClInclude Include="NKH\SDK\CTextureLoader.h">
      <Filter>File di intestazione</Filter>
    </ClInclude>
    <ClInclude Include="NKH\SDK\WinInput.h">
      <Filter>File di intestazione</Filter>
    </ClInclude>
    <ClInclude Include="NKH\SDK\WinFileIO.h">
      <Filter>File di intestazione</Filter>
    </ClInclude>
    <ClInclude Include="NKH\SDK\CScreenManager.h">
      <Filter>File di intestazione</Filter>
    </ClInclude>
    <ClInclude Include="NKH\SDK\WinSoundManager.h">
      <Filter>File di intestazione</Filter>
    </ClInclude>
    <ClInclude Include="NKH\SDK\WinMusicManager.h">
      <Filter>File di intestazione</Filter>
    </ClInclude>
    <ClInclude Include="NKH\SDK\SteamStoreInterface.h">
      <Filter>File di intestazione</Filter>
    </ClInclude>
    <ClInclude Include="NKH\SDK\CSteamInterface.h">
      <Filter>File di intestazione</Filter>
    </ClInclude>
    <ClInclude Include="NKH\SDK\CLicensing.h">
      <Filter>File di intestazione</Filter>
    </ClInclude>
    <ClInclude Include="NKH\SDK\CFacebookInterface.h">
      <Filter>File di intestazione</Filter>
    </ClInclude>
    <ClInclude Include="NKH\SDK\CEveryplayInterface.h">
      <Filter>File di intestazione</Filter>
    </ClInclude>
    <ClInclude Include="NKH\SDK\CCurlHttpRequestManager.h">
      <Filter>File di intestazione</Filter>
    </ClInclude>
    <ClInclude Include="NKH\SDK\CLoc.h">
      <Filter>File di intestazione</Filter>
    </ClInclude>
    <ClInclude Include="NKH\SDK\CMemoryTracker.h">
      <Filter>File di intestazione</Filter>
    </ClInclude>
    <ClInclude Include="NKH\SDK\CTimerTracker.h">
      <Filter>File di intestazione</Filter>
    </ClInclude>
    <ClInclude Include="NKH\SDK\CTimerTrackerGraph.h">
      <Filter>File di intestazione</Filter>
    </ClInclude>
    <ClInclude Include="NKH\SDK\CAssetBag.h">
      <Filter>File di intestazione</Filter>
    </ClInclude>
    <ClInclude Include="NKH\SDK\CGameSystemPointers.h">
      <Filter>File di intestazione</Filter>
    </ClInclude>
    <ClInclude Include="NKH\SDK\CFont.h">
      <Filter>File di intestazione</Filter>
    </ClInclude>
    <ClInclude Include="NKH\SDK\CTextObject.h">
      <Filter>File di intestazione</Filter>
    </ClInclude>
    <ClInclude Include="NKH\SDK\CBloonManager.h">
      <Filter>File di intestazione</Filter>
    </ClInclude>
    <ClInclude Include="NKH\SDK\CWeaponTaskManager.h">
      <Filter>File di intestazione</Filter>
    </ClInclude>
    <ClInclude Include="NKH\SDK\CTowerManager.h">
      <Filter>File di intestazione</Filter>
    </ClInclude>
    <ClInclude Include="NKH\SDK\CAircraftManager.h">
      <Filter>File di intestazione</Filter>
    </ClInclude>
    <ClInclude Include="NKH\SDK\CManualWeaponManager.h">
      <Filter>File di intestazione</Filter>
    </ClInclude>
    <ClInclude Include="NKH\SDK\CDailyQuestManager.h">
      <Filter>File di intestazione</Filter>
    </ClInclude>
    <ClInclude Include="NKH\SDK\CFlagStringConvertor.h">
      <Filter>File di intestazione</Filter>
    </ClInclude>
    <ClInclude Include="NKH\SDK\CTowerFactory.h">
      <Filter>File di intestazione</Filter>
    </ClInclude>
    <ClInclude Include="NKH\SDK\CWeaponFactory.h">
      <Filter>File di intestazione</Filter>
    </ClInclude>
    <ClInclude Include="NKH\SDK\CBloonFactory.h">
      <Filter>File di intestazione</Filter>
    </ClInclude>
    <ClInclude Include="NKH\SDK\CRoundFactory.h">
      <Filter>File di intestazione</Filter>
    </ClInclude>
    <ClInclude Include="NKH\SDK\CUpgradeFactory.h">
      <Filter>File di intestazione</Filter>
    </ClInclude>
    <ClInclude Include="NKH\SDK\CSpecialtyFactory.h">
      <Filter>File di intestazione</Filter>
    </ClInclude>
    <ClInclude Include="NKH\SDK\CLabFactory.h">
      <Filter>File di intestazione</Filter>
    </ClInclude>
    <ClInclude Include="NKH\SDK\CBloonAbilityFactory.h">
      <Filter>File di intestazione</Filter>
    </ClInclude>
    <ClInclude Include="NKH\SDK\CSteamCloud.h">
      <Filter>File di intestazione</Filter>
    </ClInclude>
    <ClInclude Include="NKH\SDK\CSocialLeaderboard.h">
      <Filter>File di intestazione</Filter>
    </ClInclude>
    <ClInclude Include="NKH\SDK\DGAnalytics_Redshift.h">
      <Filter>File di intestazione</Filter>
    </ClInclude>
    <ClInclude Include="NKH\SDK\CTheCrucibleManager.h">
      <Filter>File di intestazione</Filter>
    </ClInclude>
    <ClInclude Include="NKH\SDK\CMixNMatchManager.h">
      <Filter>File di intestazione</Filter>
    </ClInclude>
    <ClInclude Include="NKH\SDK\CPreferredMonkeyManager.h">
      <Filter>File di intestazione</Filter>
    </ClInclude>
    <ClInclude Include="NKH\SDK\CMonkeyTeamManager.h">
      <Filter>File di intestazione</Filter>
    </ClInclude>
    <ClInclude Include="NKH\SDK\CProjectileSkinDataList.h">
      <Filter>File di intestazione</Filter>
    </ClInclude>
    <ClInclude Include="NKH\NMath.h">
      <Filter>File di intestazione</Filter>
    </ClInclude>
    <ClInclude Include="NKH\SDK\CBaseTower.h">
      <Filter>File di intestazione</Filter>
    </ClInclude>
    <ClInclude Include="NKH\SDK\CCompoundSprite.h">
      <Filter>File di intestazione</Filter>
    </ClInclude>
    <ClInclude Include="NKH\SDK\GameData.h">
      <Filter>File di intestazione</Filter>
    </ClInclude>
    <ClInclude Include="NKH\SDK\CBloonEscapedEvent.h">
      <Filter>File di intestazione</Filter>
    </ClInclude>
    <ClInclude Include="NKH\SDK\CBloon.h">
      <Filter>File di intestazione</Filter>
    </ClInclude>
    <ClInclude Include="NKH\SDK\BloonData.h">
      <Filter>File di intestazione</Filter>
    </ClInclude>
    <ClInclude Include="NKH\SDK\CBasePositionableObject.h">
      <Filter>File di intestazione</Filter>
    </ClInclude>
    <ClInclude Include="NKH\SDK\CMatrix.h">
      <Filter>File di intestazione</Filter>
    </ClInclude>
    <ClInclude Include="NKH\SDK\CTexture.h">
      <Filter>File di intestazione</Filter>
    </ClInclude>
    <ClInclude Include="NKH\SDK\pch.h">
      <Filter>File di intestazione</Filter>
    </ClInclude>
    <ClInclude Include="NKH\SDK\Color.h">
      <Filter>File di intestazione</Filter>
    </ClInclude>
    <ClInclude Include="NKH\SDK\CRenderableTextureObject.h">
      <Filter>File di intestazione</Filter>
    </ClInclude>
    <ClInclude Include="NKH\SDK\CXmlFontImporter.h">
      <Filter>File di intestazione</Filter>
    </ClInclude>
    <ClInclude Include="NKH\SDK\CBaseScreen.h">
      <Filter>File di intestazione</Filter>
    </ClInclude>
    <ClInclude Include="NKH\SDK\IBasePointers.h">
      <Filter>File di intestazione</Filter>
    </ClInclude>
    <ClInclude Include="NKH\SDK\SigResults.h">
      <Filter>File di intestazione</Filter>
    </ClInclude>
  </ItemGroup>
  <ItemGroup>
    <ClCompile Include="dllmain.cpp">
      <Filter>File di origine</Filter>
    </ClCompile>
    <ClCompile Include="pch.cpp">
      <Filter>File di origine</Filter>
    </ClCompile>
    <ClCompile Include="NKH\Hooks.cpp">
      <Filter>File di origine</Filter>
    </ClCompile>
    <ClCompile Include="Utils.cpp">
      <Filter>File di origine</Filter>
    </ClCompile>
    <ClCompile Include="NKH\Patches\FlagHacker.cpp">
      <Filter>File di origine</Filter>
    </ClCompile>
    <ClCompile Include="NKH\Blue\Chai.cpp">
      <Filter>File di origine</Filter>
    </ClCompile>
    <ClCompile Include="NKH\SDK\SigResults.cpp">
      <Filter>File di origine</Filter>
    </ClCompile>
  </ItemGroup>
  <ItemGroup>
    <None Include="packages.config" />
    <None Include="NKH\Blue\NKH_Blue.md" />
  </ItemGroup>
</Project>